
Microsoft Visual Studio Solution File, Format Version 12.00
# Visual Studio Version 17
VisualStudioVersion = 17.9.34728.123
MinimumVisualStudioVersion = 10.0.40219.1
Project("{FAE04EC0-301F-11D3-BF4B-00C04F79EFBC}") = "AgroPindasControl", "AgroPindasControl.csproj", "{B4671FFB-8AAA-40E6-9637-D7DB4F2A94A5}"
EndProject
Global
	GlobalSection(SolutionConfigurationPlatforms) = preSolution
		Debug|Any CPU = Debug|Any CPU
		Release|Any CPU = Release|Any CPU
	EndGlobalSection
	GlobalSection(ProjectConfigurationPlatforms) = postSolution
		{B4671FFB-8AAA-40E6-9637-D7DB4F2A94A5}.Debug|Any CPU.ActiveCfg = Debug|Any CPU
		{B4671FFB-8AAA-40E6-9637-D7DB4F2A94A5}.Debug|Any CPU.Build.0 = Debug|Any CPU
		{B4671FFB-8AAA-40E6-9637-D7DB4F2A94A5}.Release|Any CPU.ActiveCfg = Release|Any CPU
		{B4671FFB-8AAA-40E6-9637-D7DB4F2A94A5}.Release|Any CPU.Build.0 = Release|Any CPU
	EndGlobalSection
	GlobalSection(SolutionProperties) = preSolution
		HideSolutionNode = FALSE
	EndGlobalSection
	GlobalSection(ExtensibilityGlobals) = postSolution
		SolutionGuid = {D229FD42-4487-4202-945E-4DBCC96649B4}
	EndGlobalSection
EndGlobal
